
Microsoft Visual Studio Solution File, Format Version 12.00
# Visual Studio Version 17
VisualStudioVersion = 17.0.31903.59
MinimumVisualStudioVersion = 10.0.40219.1
Project("{FAE04EC0-301F-11D3-BF4B-00C04F79EFBC}") = "MvcClientes", "MvcClientes\MvcClientes.csproj", "{A378DC80-8F30-4E5F-8D1F-57A1A1DC829F}"
EndProject
Project("{FAE04EC0-301F-11D3-BF4B-00C04F79EFBC}") = "MvcClientesTest", "MvcClientesTest\MvcClientesTest.csproj", "{A4A157EF-0318-4867-A7C4-6D407ED2FA0C}"
EndProject
Global
	GlobalSection(SolutionConfigurationPlatforms) = preSolution
		Debug|Any CPU = Debug|Any CPU
		Release|Any CPU = Release|Any CPU
	EndGlobalSection
	GlobalSection(SolutionProperties) = preSolution
		HideSolutionNode = FALSE
	EndGlobalSection
	GlobalSection(ProjectConfigurationPlatforms) = postSolution
		{A378DC80-8F30-4E5F-8D1F-57A1A1DC829F}.Debug|Any CPU.ActiveCfg = Debug|Any CPU
		{A378DC80-8F30-4E5F-8D1F-57A1A1DC829F}.Debug|Any CPU.Build.0 = Debug|Any CPU
		{A378DC80-8F30-4E5F-8D1F-57A1A1DC829F}.Release|Any CPU.ActiveCfg = Release|Any CPU
		{A378DC80-8F30-4E5F-8D1F-57A1A1DC829F}.Release|Any CPU.Build.0 = Release|Any CPU
		{A4A157EF-0318-4867-A7C4-6D407ED2FA0C}.Debug|Any CPU.ActiveCfg = Debug|Any CPU
		{A4A157EF-0318-4867-A7C4-6D407ED2FA0C}.Debug|Any CPU.Build.0 = Debug|Any CPU
		{A4A157EF-0318-4867-A7C4-6D407ED2FA0C}.Release|Any CPU.ActiveCfg = Release|Any CPU
		{A4A157EF-0318-4867-A7C4-6D407ED2FA0C}.Release|Any CPU.Build.0 = Release|Any CPU
	EndGlobalSection
EndGlobal
